
Microsoft Visual Studio Solution File, Format Version 12.00
# Visual Studio 15
VisualStudioVersion = 15.0.27004.2009
MinimumVisualStudioVersion = 10.0.40219.1
Project("{9A19103F-16F7-4668-BE54-9A1E7A4F7556}") = "Console", "src\Console\Console.csproj", "{DD4E5CD2-C9DD-4912-9A25-1600A07BF8C2}"
EndProject
Project("{9A19103F-16F7-4668-BE54-9A1E7A4F7556}") = "Core", "src\Core\Core.csproj", "{AE082484-A34C-4B3A-A69F-49E5EF298B27}"
EndProject
Project("{9A19103F-16F7-4668-BE54-9A1E7A4F7556}") = "Service", "src\Service\Service.csproj", "{A8FD8CED-5510-4EBD-AACE-5D3CBB7516DB}"
EndProject
Project("{54435603-DBB4-11D2-8724-00A0C9A8B90C}") = "Setup", "src\Setup\Setup.vdproj", "{4D852DF8-9327-43D0-93AB-FA68D4F3414B}"
EndProject
Global
	GlobalSection(SolutionConfigurationPlatforms) = preSolution
		Debug|Any CPU = Debug|Any CPU
		Release|Any CPU = Release|Any CPU
	EndGlobalSection
	GlobalSection(ProjectConfigurationPlatforms) = postSolution
		{DD4E5CD2-C9DD-4912-9A25-1600A07BF8C2}.Debug|Any CPU.ActiveCfg = Debug|Any CPU
		{DD4E5CD2-C9DD-4912-9A25-1600A07BF8C2}.Debug|Any CPU.Build.0 = Debug|Any CPU
		{DD4E5CD2-C9DD-4912-9A25-1600A07BF8C2}.Release|Any CPU.ActiveCfg = Release|Any CPU
		{DD4E5CD2-C9DD-4912-9A25-1600A07BF8C2}.Release|Any CPU.Build.0 = Release|Any CPU
		{AE082484-A34C-4B3A-A69F-49E5EF298B27}.Debug|Any CPU.ActiveCfg = Debug|Any CPU
		{AE082484-A34C-4B3A-A69F-49E5EF298B27}.Debug|Any CPU.Build.0 = Debug|Any CPU
		{AE082484-A34C-4B3A-A69F-49E5EF298B27}.Release|Any CPU.ActiveCfg = Release|Any CPU
		{AE082484-A34C-4B3A-A69F-49E5EF298B27}.Release|Any CPU.Build.0 = Release|Any CPU
		{A8FD8CED-5510-4EBD-AACE-5D3CBB7516DB}.Debug|Any CPU.ActiveCfg = Debug|Any CPU
		{A8FD8CED-5510-4EBD-AACE-5D3CBB7516DB}.Debug|Any CPU.Build.0 = Debug|Any CPU
		{A8FD8CED-5510-4EBD-AACE-5D3CBB7516DB}.Release|Any CPU.ActiveCfg = Release|Any CPU
		{A8FD8CED-5510-4EBD-AACE-5D3CBB7516DB}.Release|Any CPU.Build.0 = Release|Any CPU
		{4D852DF8-9327-43D0-93AB-FA68D4F3414B}.Debug|Any CPU.ActiveCfg = Debug
		{4D852DF8-9327-43D0-93AB-FA68D4F3414B}.Release|Any CPU.ActiveCfg = Release
	EndGlobalSection
	GlobalSection(SolutionProperties) = preSolution
		HideSolutionNode = FALSE
	EndGlobalSection
	GlobalSection(ExtensibilityGlobals) = postSolution
		SolutionGuid = {AB7EF6F7-C38B-4E66-BBF9-1F6915896CB0}
	EndGlobalSection
EndGlobal
