{
  "name": "@bitwarden/jslib-electron",
  "version": "0.0.0",
  "lockfileVersion": 2,
  "requires": true,
  "packages": {
    "": {
      "name": "@bitwarden/jslib-electron",
      "version": "0.0.0",
      "license": "GPL-3.0",
      "dependencies": {
        "@bitwarden/jslib-common": "file:../common"
      }
    },
    "../common": {
      "name": "@bitwarden/jslib-common",
      "version": "0.0.0",
      "license": "GPL-3.0"
    },
    "node_modules/@bitwarden/jslib-common": {
      "resolved": "../common",
      "link": true
    }
  },
  "dependencies": {
    "@bitwarden/jslib-common": {
      "version": "file:../common"
    }
  }
}
