{
  "name": "@bitwarden/directory-connector",
  "version": "2.9.5",
  "lockfileVersion": 3,
  "requires": true,
  "packages": {
    "": {
      "name": "@bitwarden/directory-connector",
      "version": "2.9.5",
      "license": "GPL-3.0",
      "bin": {
        "bwdc": "build-cli/bwdc.js"
      }
    }
  }
}
