{
  "name": "@bitwarden/jslib-angular",
  "version": "0.0.0",
  "lockfileVersion": 2,
  "requires": true,
  "packages": {
    "": {
      "name": "@bitwarden/jslib-angular",
      "version": "0.0.0",
      "license": "GPL-3.0",
      "dependencies": {
        "@angular/animations": "^12.2.13",
        "@angular/cdk": "^12.2.13",
        "@angular/common": "^12.2.13",
        "@angular/compiler": "^12.2.13",
        "@angular/core": "^12.2.13",
        "@angular/forms": "^12.2.13",
        "@angular/platform-browser": "^12.2.13",
        "@angular/platform-browser-dynamic": "^12.2.13",
        "@angular/router": "^12.2.13",
        "@bitwarden/jslib-common": "file:../common",
        "duo_web_sdk": "git+https://github.com/duosecurity/duo_web_sdk.git",
        "rxjs": "^7.4.0",
        "tldjs": "^2.3.1",
        "zone.js": "0.11.4"
      },
      "devDependencies": {
        "@types/duo_web_sdk": "^2.7.1",
        "rimraf": "^3.0.2",
        "typescript": "4.3.5"
      }
    },
    "../common": {
      "name": "@bitwarden/jslib-common",
      "version": "0.0.0",
      "license": "GPL-3.0",
      "dependencies": {
        "@microsoft/signalr": "5.0.10",
        "@microsoft/signalr-protocol-msgpack": "5.0.10",
        "big-integer": "1.6.48",
        "browser-hrtime": "^1.1.8",
        "lunr": "^2.3.9",
        "node-forge": "^1.2.1",
        "papaparse": "^5.3.0",
        "rxjs": "^7.4.0",
        "tldjs": "^2.3.1",
        "zxcvbn": "^4.4.2"
      },
      "devDependencies": {
        "@types/lunr": "^2.3.3",
        "@types/node": "^16.11.12",
        "@types/node-forge": "^1.0.1",
        "@types/papaparse": "^5.2.5",
        "@types/tldjs": "^2.3.0",
        "@types/zxcvbn": "^4.4.1",
        "rimraf": "^3.0.2",
        "typescript": "4.3.5"
      }
    },
    "node_modules/@angular/animations": {
      "version": "12.2.14",
      "resolved": "https://registry.npmjs.org/@angular/animations/-/animations-12.2.14.tgz",
      "integrity": "sha512-1BR5u32auVePvXNNP96DB2008V+Ku0OGqeZQl2h4XA9xzES/Zk5WllIJZXqRmWMRBVARfXsfb0RdMty9gcaVjA==",
      "dependencies": {
        "tslib": "^2.2.0"
      },
      "engines": {
        "node": "^12.14.1 || >=14.0.0"
      },
      "peerDependencies": {
        "@angular/core": "12.2.14"
      }
    },
    "node_modules/@angular/cdk": {
      "version": "12.2.13",
      "resolved": "https://registry.npmjs.org/@angular/cdk/-/cdk-12.2.13.tgz",
      "integrity": "sha512-zSKRhECyFqhingIeyRInIyTvYErt4gWo+x5DQr0b7YLUbU8DZSwWnG4w76Ke2s4U8T7ry1jpJBHoX/e8YBpGMg==",
      "dependencies": {
        "tslib": "^2.2.0"
      },
      "optionalDependencies": {
        "parse5": "^5.0.0"
      },
      "peerDependencies": {
        "@angular/common": "^12.0.0 || ^13.0.0-0",
        "@angular/core": "^12.0.0 || ^13.0.0-0",
        "rxjs": "^6.5.3 || ^7.0.0"
      }
    },
    "node_modules/@angular/common": {
      "version": "12.2.14",
      "resolved": "https://registry.npmjs.org/@angular/common/-/common-12.2.14.tgz",
      "integrity": "sha512-ffYUYdwZETmFJw0AcWY30WsaWBhJxj/zSmFXWjgEGEGZH56zwbbNwfMZOYZ1jz4haAVxGu+TdXsOl2yMGzN7jQ==",
      "dependencies": {
        "tslib": "^2.2.0"
      },
      "engines": {
        "node": "^12.14.1 || >=14.0.0"
      },
      "peerDependencies": {
        "@angular/core": "12.2.14",
        "rxjs": "^6.5.3 || ^7.0.0"
      }
    },
    "node_modules/@angular/compiler": {
      "version": "12.2.14",
      "resolved": "https://registry.npmjs.org/@angular/compiler/-/compiler-12.2.14.tgz",
      "integrity": "sha512-dwmZi+n66IUzRFlGWu9mjXq170ZEsaDvlNLZzaPgs6vZTa4Kt7PWvIF/Y7TMvnVv/uqNG6kOhfmOkf6rfz1Gjg==",
      "dependencies": {
        "tslib": "^2.2.0"
      },
      "engines": {
        "node": "^12.14.1 || >=14.0.0"
      }
    },
    "node_modules/@angular/core": {
      "version": "12.2.14",
      "resolved": "https://registry.npmjs.org/@angular/core/-/core-12.2.14.tgz",
      "integrity": "sha512-dlVk7yqUHL2R/eCmM8LsWuxhEBfzg0y1zHt0UqCuFwlCoiw+IG4HFy4OlZEUw9NUEZJSv0aDv3sWqxLkvK5vvg==",
      "dependencies": {
        "tslib": "^2.2.0"
      },
      "engines": {
        "node": "^12.14.1 || >=14.0.0"
      },
      "peerDependencies": {
        "rxjs": "^6.5.3 || ^7.0.0",
        "zone.js": "~0.11.4"
      }
    },
    "node_modules/@angular/forms": {
      "version": "12.2.14",
      "resolved": "https://registry.npmjs.org/@angular/forms/-/forms-12.2.14.tgz",
      "integrity": "sha512-/9/gSJUBXVRVdRnzgJnALAQZYJATuGDMkFC9ms9DEMG4PMAhe9x4if1lJjN6noz5RAom3qNuVBNWaYAPUxlcBQ==",
      "dependencies": {
        "tslib": "^2.2.0"
      },
      "engines": {
        "node": "^12.14.1 || >=14.0.0"
      },
      "peerDependencies": {
        "@angular/common": "12.2.14",
        "@angular/core": "12.2.14",
        "@angular/platform-browser": "12.2.14",
        "rxjs": "^6.5.3 || ^7.0.0"
      }
    },
    "node_modules/@angular/platform-browser": {
      "version": "12.2.14",
      "resolved": "https://registry.npmjs.org/@angular/platform-browser/-/platform-browser-12.2.14.tgz",
      "integrity": "sha512-fWcE2rnJ3ZCISa1oPfsIDV7FBZBoLFEdDuMXAiDYqDPKvF/E5U5nHrS+K4SlLAi094bMobtTOReNWl/Ienniyw==",
      "dependencies": {
        "tslib": "^2.2.0"
      },
      "engines": {
        "node": "^12.14.1 || >=14.0.0"
      },
      "peerDependencies": {
        "@angular/animations": "12.2.14",
        "@angular/common": "12.2.14",
        "@angular/core": "12.2.14"
      },
      "peerDependenciesMeta": {
        "@angular/animations": {
          "optional": true
        }
      }
    },
    "node_modules/@angular/platform-browser-dynamic": {
      "version": "12.2.14",
      "resolved": "https://registry.npmjs.org/@angular/platform-browser-dynamic/-/platform-browser-dynamic-12.2.14.tgz",
      "integrity": "sha512-0NPF7mS91Tct8rBmOLZPmnLSuS4kbLHXo6eTgrg80OC0vlzBiQwGDVW4X3KncCoX9CpevaGJCdSMc+uPNsFOUQ==",
      "dependencies": {
        "tslib": "^2.2.0"
      },
      "engines": {
        "node": "^12.14.1 || >=14.0.0"
      },
      "peerDependencies": {
        "@angular/common": "12.2.14",
        "@angular/compiler": "12.2.14",
        "@angular/core": "12.2.14",
        "@angular/platform-browser": "12.2.14"
      }
    },
    "node_modules/@angular/router": {
      "version": "12.2.14",
      "resolved": "https://registry.npmjs.org/@angular/router/-/router-12.2.14.tgz",
      "integrity": "sha512-yP5grSnqBvc4vNhtYdcxDgDYIebUKs5f0xyFkUJM5030UnQ0CV45tBsSxHMkQbPZucIfOuxpRy8xy5+4GizuwQ==",
      "dependencies": {
        "tslib": "^2.2.0"
      },
      "engines": {
        "node": "^12.14.1 || >=14.0.0"
      },
      "peerDependencies": {
        "@angular/common": "12.2.14",
        "@angular/core": "12.2.14",
        "@angular/platform-browser": "12.2.14",
        "rxjs": "^6.5.3 || ^7.0.0"
      }
    },
    "node_modules/@bitwarden/jslib-common": {
      "resolved": "../common",
      "link": true
    },
    "node_modules/@types/duo_web_sdk": {
      "version": "2.7.1",
      "resolved": "https://registry.npmjs.org/@types/duo_web_sdk/-/duo_web_sdk-2.7.1.tgz",
      "integrity": "sha512-DePanZjFww36yGSxXwC8B3AsjrrDuPxEcufeh4gTqVsUMpCYByxjX4PERiYZdW0typzKSt9E4I14PPp+PrSIQA==",
      "dev": true
    },
    "node_modules/balanced-match": {
      "version": "1.0.2",
      "resolved": "https://registry.npmjs.org/balanced-match/-/balanced-match-1.0.2.tgz",
      "integrity": "sha512-3oSeUO0TMV67hN1AmbXsK4yaqU7tjiHlbxRDZOpH0KW9+CeX4bRAaX0Anxt0tx2MrpRpWwQaPwIlISEJhYU5Pw==",
      "dev": true
    },
    "node_modules/brace-expansion": {
      "version": "1.1.11",
      "resolved": "https://registry.npmjs.org/brace-expansion/-/brace-expansion-1.1.11.tgz",
      "integrity": "sha512-iCuPHDFgrHX7H2vEI/5xpz07zSHB00TpugqhmYtVmMO6518mCuRMoOYFldEBl0g187ufozdaHgWKcYFb61qGiA==",
      "dev": true,
      "dependencies": {
        "balanced-match": "^1.0.0",
        "concat-map": "0.0.1"
      }
    },
    "node_modules/concat-map": {
      "version": "0.0.1",
      "resolved": "https://registry.npmjs.org/concat-map/-/concat-map-0.0.1.tgz",
      "integrity": "sha1-2Klr13/Wjfd5OnMDajug1UBdR3s=",
      "dev": true
    },
    "node_modules/duo_web_sdk": {
      "version": "2.7.0",
      "resolved": "git+ssh://git@github.com/duosecurity/duo_web_sdk.git#378e855ce4a1de1d1b2f7fd60465e564b3e9fbda",
      "license": "SEE LICENSE IN LICENSE"
    },
    "node_modules/fs.realpath": {
      "version": "1.0.0",
      "resolved": "https://registry.npmjs.org/fs.realpath/-/fs.realpath-1.0.0.tgz",
      "integrity": "sha1-FQStJSMVjKpA20onh8sBQRmU6k8=",
      "dev": true
    },
    "node_modules/glob": {
      "version": "7.2.0",
      "resolved": "https://registry.npmjs.org/glob/-/glob-7.2.0.tgz",
      "integrity": "sha512-lmLf6gtyrPq8tTjSmrO94wBeQbFR3HbLHbuyD69wuyQkImp2hWqMGB47OX65FBkPffO641IP9jWa1z4ivqG26Q==",
      "dev": true,
      "dependencies": {
        "fs.realpath": "^1.0.0",
        "inflight": "^1.0.4",
        "inherits": "2",
        "minimatch": "^3.0.4",
        "once": "^1.3.0",
        "path-is-absolute": "^1.0.0"
      },
      "engines": {
        "node": "*"
      },
      "funding": {
        "url": "https://github.com/sponsors/isaacs"
      }
    },
    "node_modules/inflight": {
      "version": "1.0.6",
      "resolved": "https://registry.npmjs.org/inflight/-/inflight-1.0.6.tgz",
      "integrity": "sha1-Sb1jMdfQLQwJvJEKEHW6gWW1bfk=",
      "dev": true,
      "dependencies": {
        "once": "^1.3.0",
        "wrappy": "1"
      }
    },
    "node_modules/inherits": {
      "version": "2.0.4",
      "resolved": "https://registry.npmjs.org/inherits/-/inherits-2.0.4.tgz",
      "integrity": "sha512-k/vGaX4/Yla3WzyMCvTQOXYeIHvqOKtnqBduzTHpzpQZzAskKMhZ2K+EnBiSM9zGSoIFeMpXKxa4dYeZIQqewQ==",
      "dev": true
    },
    "node_modules/minimatch": {
      "version": "3.0.4",
      "resolved": "https://registry.npmjs.org/minimatch/-/minimatch-3.0.4.tgz",
      "integrity": "sha512-yJHVQEhyqPLUTgt9B83PXu6W3rx4MvvHvSUvToogpwoGDOUQ+yDrR0HRot+yOCdCO7u4hX3pWft6kWBBcqh0UA==",
      "dev": true,
      "dependencies": {
        "brace-expansion": "^1.1.7"
      },
      "engines": {
        "node": "*"
      }
    },
    "node_modules/once": {
      "version": "1.4.0",
      "resolved": "https://registry.npmjs.org/once/-/once-1.4.0.tgz",
      "integrity": "sha1-WDsap3WWHUsROsF9nFC6753Xa9E=",
      "dev": true,
      "dependencies": {
        "wrappy": "1"
      }
    },
    "node_modules/parse5": {
      "version": "5.1.1",
      "resolved": "https://registry.npmjs.org/parse5/-/parse5-5.1.1.tgz",
      "integrity": "sha512-ugq4DFI0Ptb+WWjAdOK16+u/nHfiIrcE+sh8kZMaM0WllQKLI9rOUq6c2b7cwPkXdzfQESqvoqK6ug7U/Yyzug==",
      "optional": true
    },
    "node_modules/path-is-absolute": {
      "version": "1.0.1",
      "resolved": "https://registry.npmjs.org/path-is-absolute/-/path-is-absolute-1.0.1.tgz",
      "integrity": "sha1-F0uSaHNVNP+8es5r9TpanhtcX18=",
      "dev": true,
      "engines": {
        "node": ">=0.10.0"
      }
    },
    "node_modules/punycode": {
      "version": "1.4.1",
      "resolved": "https://registry.npmjs.org/punycode/-/punycode-1.4.1.tgz",
      "integrity": "sha1-wNWmOycYgArY4esPpSachN1BhF4="
    },
    "node_modules/rimraf": {
      "version": "3.0.2",
      "resolved": "https://registry.npmjs.org/rimraf/-/rimraf-3.0.2.tgz",
      "integrity": "sha512-JZkJMZkAGFFPP2YqXZXPbMlMBgsxzE8ILs4lMIX/2o0L9UBw9O/Y3o6wFw/i9YLapcUJWwqbi3kdxIPdC62TIA==",
      "dev": true,
      "dependencies": {
        "glob": "^7.1.3"
      },
      "bin": {
        "rimraf": "bin.js"
      },
      "funding": {
        "url": "https://github.com/sponsors/isaacs"
      }
    },
    "node_modules/rxjs": {
      "version": "7.4.0",
      "resolved": "https://registry.npmjs.org/rxjs/-/rxjs-7.4.0.tgz",
      "integrity": "sha512-7SQDi7xeTMCJpqViXh8gL/lebcwlp3d831F05+9B44A4B0WfsEwUQHR64gsH1kvJ+Ep/J9K2+n1hVl1CsGN23w==",
      "dependencies": {
        "tslib": "~2.1.0"
      }
    },
    "node_modules/rxjs/node_modules/tslib": {
      "version": "2.1.0",
      "resolved": "https://registry.npmjs.org/tslib/-/tslib-2.1.0.tgz",
      "integrity": "sha512-hcVC3wYEziELGGmEEXue7D75zbwIIVUMWAVbHItGPx0ziyXxrOMQx4rQEVEV45Ut/1IotuEvwqPopzIOkDMf0A=="
    },
    "node_modules/tldjs": {
      "version": "2.3.1",
      "resolved": "https://registry.npmjs.org/tldjs/-/tldjs-2.3.1.tgz",
      "integrity": "sha512-W/YVH/QczLUxVjnQhFC61Iq232NWu3TqDdO0S/MtXVz4xybejBov4ud+CIwN9aYqjOecEqIy0PscGkwpG9ZyTw==",
      "hasInstallScript": true,
      "dependencies": {
        "punycode": "^1.4.1"
      },
      "engines": {
        "node": ">= 4"
      }
    },
    "node_modules/tslib": {
      "version": "2.3.1",
      "resolved": "https://registry.npmjs.org/tslib/-/tslib-2.3.1.tgz",
      "integrity": "sha512-77EbyPPpMz+FRFRuAFlWMtmgUWGe9UOG2Z25NqCwiIjRhOf5iKGuzSe5P2w1laq+FkRy4p+PCuVkJSGkzTEKVw=="
    },
    "node_modules/typescript": {
      "version": "4.3.5",
      "resolved": "https://registry.npmjs.org/typescript/-/typescript-4.3.5.tgz",
      "integrity": "sha512-DqQgihaQ9cUrskJo9kIyW/+g0Vxsk8cDtZ52a3NGh0YNTfpUSArXSohyUGnvbPazEPLu398C0UxmKSOrPumUzA==",
      "dev": true,
      "bin": {
        "tsc": "bin/tsc",
        "tsserver": "bin/tsserver"
      },
      "engines": {
        "node": ">=4.2.0"
      }
    },
    "node_modules/wrappy": {
      "version": "1.0.2",
      "resolved": "https://registry.npmjs.org/wrappy/-/wrappy-1.0.2.tgz",
      "integrity": "sha1-tSQ9jz7BqjXxNkYFvA0QNuMKtp8=",
      "dev": true
    },
    "node_modules/zone.js": {
      "version": "0.11.4",
      "resolved": "https://registry.npmjs.org/zone.js/-/zone.js-0.11.4.tgz",
      "integrity": "sha512-DDh2Ab+A/B+9mJyajPjHFPWfYU1H+pdun4wnnk0OcQTNjem1XQSZ2CDW+rfZEUDjv5M19SBqAkjZi0x5wuB5Qw==",
      "dependencies": {
        "tslib": "^2.0.0"
      }
    }
  },
  "dependencies": {
    "@angular/animations": {
      "version": "12.2.14",
      "resolved": "https://registry.npmjs.org/@angular/animations/-/animations-12.2.14.tgz",
      "integrity": "sha512-1BR5u32auVePvXNNP96DB2008V+Ku0OGqeZQl2h4XA9xzES/Zk5WllIJZXqRmWMRBVARfXsfb0RdMty9gcaVjA==",
      "requires": {
        "tslib": "^2.2.0"
      }
    },
    "@angular/cdk": {
      "version": "12.2.13",
      "resolved": "https://registry.npmjs.org/@angular/cdk/-/cdk-12.2.13.tgz",
      "integrity": "sha512-zSKRhECyFqhingIeyRInIyTvYErt4gWo+x5DQr0b7YLUbU8DZSwWnG4w76Ke2s4U8T7ry1jpJBHoX/e8YBpGMg==",
      "requires": {
        "parse5": "^5.0.0",
        "tslib": "^2.2.0"
      }
    },
    "@angular/common": {
      "version": "12.2.14",
      "resolved": "https://registry.npmjs.org/@angular/common/-/common-12.2.14.tgz",
      "integrity": "sha512-ffYUYdwZETmFJw0AcWY30WsaWBhJxj/zSmFXWjgEGEGZH56zwbbNwfMZOYZ1jz4haAVxGu+TdXsOl2yMGzN7jQ==",
      "requires": {
        "tslib": "^2.2.0"
      }
    },
    "@angular/compiler": {
      "version": "12.2.14",
      "resolved": "https://registry.npmjs.org/@angular/compiler/-/compiler-12.2.14.tgz",
      "integrity": "sha512-dwmZi+n66IUzRFlGWu9mjXq170ZEsaDvlNLZzaPgs6vZTa4Kt7PWvIF/Y7TMvnVv/uqNG6kOhfmOkf6rfz1Gjg==",
      "requires": {
        "tslib": "^2.2.0"
      }
    },
    "@angular/core": {
      "version": "12.2.14",
      "resolved": "https://registry.npmjs.org/@angular/core/-/core-12.2.14.tgz",
      "integrity": "sha512-dlVk7yqUHL2R/eCmM8LsWuxhEBfzg0y1zHt0UqCuFwlCoiw+IG4HFy4OlZEUw9NUEZJSv0aDv3sWqxLkvK5vvg==",
      "requires": {
        "tslib": "^2.2.0"
      }
    },
    "@angular/forms": {
      "version": "12.2.14",
      "resolved": "https://registry.npmjs.org/@angular/forms/-/forms-12.2.14.tgz",
      "integrity": "sha512-/9/gSJUBXVRVdRnzgJnALAQZYJATuGDMkFC9ms9DEMG4PMAhe9x4if1lJjN6noz5RAom3qNuVBNWaYAPUxlcBQ==",
      "requires": {
        "tslib": "^2.2.0"
      }
    },
    "@angular/platform-browser": {
      "version": "12.2.14",
      "resolved": "https://registry.npmjs.org/@angular/platform-browser/-/platform-browser-12.2.14.tgz",
      "integrity": "sha512-fWcE2rnJ3ZCISa1oPfsIDV7FBZBoLFEdDuMXAiDYqDPKvF/E5U5nHrS+K4SlLAi094bMobtTOReNWl/Ienniyw==",
      "requires": {
        "tslib": "^2.2.0"
      }
    },
    "@angular/platform-browser-dynamic": {
      "version": "12.2.14",
      "resolved": "https://registry.npmjs.org/@angular/platform-browser-dynamic/-/platform-browser-dynamic-12.2.14.tgz",
      "integrity": "sha512-0NPF7mS91Tct8rBmOLZPmnLSuS4kbLHXo6eTgrg80OC0vlzBiQwGDVW4X3KncCoX9CpevaGJCdSMc+uPNsFOUQ==",
      "requires": {
        "tslib": "^2.2.0"
      }
    },
    "@angular/router": {
      "version": "12.2.14",
      "resolved": "https://registry.npmjs.org/@angular/router/-/router-12.2.14.tgz",
      "integrity": "sha512-yP5grSnqBvc4vNhtYdcxDgDYIebUKs5f0xyFkUJM5030UnQ0CV45tBsSxHMkQbPZucIfOuxpRy8xy5+4GizuwQ==",
      "requires": {
        "tslib": "^2.2.0"
      }
    },
    "@bitwarden/jslib-common": {
      "version": "file:../common",
      "requires": {
        "@microsoft/signalr": "5.0.10",
        "@microsoft/signalr-protocol-msgpack": "5.0.10",
        "@types/lunr": "^2.3.3",
        "@types/node": "^16.11.12",
        "@types/node-forge": "^1.0.1",
        "@types/papaparse": "^5.2.5",
        "@types/tldjs": "^2.3.0",
        "@types/zxcvbn": "^4.4.1",
        "big-integer": "1.6.48",
        "browser-hrtime": "^1.1.8",
        "lunr": "^2.3.9",
        "node-forge": "^1.2.1",
        "papaparse": "^5.3.0",
        "rimraf": "^3.0.2",
        "rxjs": "^7.4.0",
        "tldjs": "^2.3.1",
        "typescript": "4.3.5",
        "zxcvbn": "^4.4.2"
      }
    },
    "@types/duo_web_sdk": {
      "version": "2.7.1",
      "resolved": "https://registry.npmjs.org/@types/duo_web_sdk/-/duo_web_sdk-2.7.1.tgz",
      "integrity": "sha512-DePanZjFww36yGSxXwC8B3AsjrrDuPxEcufeh4gTqVsUMpCYByxjX4PERiYZdW0typzKSt9E4I14PPp+PrSIQA==",
      "dev": true
    },
    "balanced-match": {
      "version": "1.0.2",
      "resolved": "https://registry.npmjs.org/balanced-match/-/balanced-match-1.0.2.tgz",
      "integrity": "sha512-3oSeUO0TMV67hN1AmbXsK4yaqU7tjiHlbxRDZOpH0KW9+CeX4bRAaX0Anxt0tx2MrpRpWwQaPwIlISEJhYU5Pw==",
      "dev": true
    },
    "brace-expansion": {
      "version": "1.1.11",
      "resolved": "https://registry.npmjs.org/brace-expansion/-/brace-expansion-1.1.11.tgz",
      "integrity": "sha512-iCuPHDFgrHX7H2vEI/5xpz07zSHB00TpugqhmYtVmMO6518mCuRMoOYFldEBl0g187ufozdaHgWKcYFb61qGiA==",
      "dev": true,
      "requires": {
        "balanced-match": "^1.0.0",
        "concat-map": "0.0.1"
      }
    },
    "concat-map": {
      "version": "0.0.1",
      "resolved": "https://registry.npmjs.org/concat-map/-/concat-map-0.0.1.tgz",
      "integrity": "sha1-2Klr13/Wjfd5OnMDajug1UBdR3s=",
      "dev": true
    },
    "duo_web_sdk": {
      "version": "git+ssh://git@github.com/duosecurity/duo_web_sdk.git#378e855ce4a1de1d1b2f7fd60465e564b3e9fbda",
      "from": "duo_web_sdk@git+https://github.com/duosecurity/duo_web_sdk.git"
    },
    "fs.realpath": {
      "version": "1.0.0",
      "resolved": "https://registry.npmjs.org/fs.realpath/-/fs.realpath-1.0.0.tgz",
      "integrity": "sha1-FQStJSMVjKpA20onh8sBQRmU6k8=",
      "dev": true
    },
    "glob": {
      "version": "7.2.0",
      "resolved": "https://registry.npmjs.org/glob/-/glob-7.2.0.tgz",
      "integrity": "sha512-lmLf6gtyrPq8tTjSmrO94wBeQbFR3HbLHbuyD69wuyQkImp2hWqMGB47OX65FBkPffO641IP9jWa1z4ivqG26Q==",
      "dev": true,
      "requires": {
        "fs.realpath": "^1.0.0",
        "inflight": "^1.0.4",
        "inherits": "2",
        "minimatch": "^3.0.4",
        "once": "^1.3.0",
        "path-is-absolute": "^1.0.0"
      }
    },
    "inflight": {
      "version": "1.0.6",
      "resolved": "https://registry.npmjs.org/inflight/-/inflight-1.0.6.tgz",
      "integrity": "sha1-Sb1jMdfQLQwJvJEKEHW6gWW1bfk=",
      "dev": true,
      "requires": {
        "once": "^1.3.0",
        "wrappy": "1"
      }
    },
    "inherits": {
      "version": "2.0.4",
      "resolved": "https://registry.npmjs.org/inherits/-/inherits-2.0.4.tgz",
      "integrity": "sha512-k/vGaX4/Yla3WzyMCvTQOXYeIHvqOKtnqBduzTHpzpQZzAskKMhZ2K+EnBiSM9zGSoIFeMpXKxa4dYeZIQqewQ==",
      "dev": true
    },
    "minimatch": {
      "version": "3.0.4",
      "resolved": "https://registry.npmjs.org/minimatch/-/minimatch-3.0.4.tgz",
      "integrity": "sha512-yJHVQEhyqPLUTgt9B83PXu6W3rx4MvvHvSUvToogpwoGDOUQ+yDrR0HRot+yOCdCO7u4hX3pWft6kWBBcqh0UA==",
      "dev": true,
      "requires": {
        "brace-expansion": "^1.1.7"
      }
    },
    "once": {
      "version": "1.4.0",
      "resolved": "https://registry.npmjs.org/once/-/once-1.4.0.tgz",
      "integrity": "sha1-WDsap3WWHUsROsF9nFC6753Xa9E=",
      "dev": true,
      "requires": {
        "wrappy": "1"
      }
    },
    "parse5": {
      "version": "5.1.1",
      "resolved": "https://registry.npmjs.org/parse5/-/parse5-5.1.1.tgz",
      "integrity": "sha512-ugq4DFI0Ptb+WWjAdOK16+u/nHfiIrcE+sh8kZMaM0WllQKLI9rOUq6c2b7cwPkXdzfQESqvoqK6ug7U/Yyzug==",
      "optional": true
    },
    "path-is-absolute": {
      "version": "1.0.1",
      "resolved": "https://registry.npmjs.org/path-is-absolute/-/path-is-absolute-1.0.1.tgz",
      "integrity": "sha1-F0uSaHNVNP+8es5r9TpanhtcX18=",
      "dev": true
    },
    "punycode": {
      "version": "1.4.1",
      "resolved": "https://registry.npmjs.org/punycode/-/punycode-1.4.1.tgz",
      "integrity": "sha1-wNWmOycYgArY4esPpSachN1BhF4="
    },
    "rimraf": {
      "version": "3.0.2",
      "resolved": "https://registry.npmjs.org/rimraf/-/rimraf-3.0.2.tgz",
      "integrity": "sha512-JZkJMZkAGFFPP2YqXZXPbMlMBgsxzE8ILs4lMIX/2o0L9UBw9O/Y3o6wFw/i9YLapcUJWwqbi3kdxIPdC62TIA==",
      "dev": true,
      "requires": {
        "glob": "^7.1.3"
      }
    },
    "rxjs": {
      "version": "7.4.0",
      "resolved": "https://registry.npmjs.org/rxjs/-/rxjs-7.4.0.tgz",
      "integrity": "sha512-7SQDi7xeTMCJpqViXh8gL/lebcwlp3d831F05+9B44A4B0WfsEwUQHR64gsH1kvJ+Ep/J9K2+n1hVl1CsGN23w==",
      "requires": {
        "tslib": "~2.1.0"
      },
      "dependencies": {
        "tslib": {
          "version": "2.1.0",
          "resolved": "https://registry.npmjs.org/tslib/-/tslib-2.1.0.tgz",
          "integrity": "sha512-hcVC3wYEziELGGmEEXue7D75zbwIIVUMWAVbHItGPx0ziyXxrOMQx4rQEVEV45Ut/1IotuEvwqPopzIOkDMf0A=="
        }
      }
    },
    "tldjs": {
      "version": "2.3.1",
      "resolved": "https://registry.npmjs.org/tldjs/-/tldjs-2.3.1.tgz",
      "integrity": "sha512-W/YVH/QczLUxVjnQhFC61Iq232NWu3TqDdO0S/MtXVz4xybejBov4ud+CIwN9aYqjOecEqIy0PscGkwpG9ZyTw==",
      "requires": {
        "punycode": "^1.4.1"
      }
    },
    "tslib": {
      "version": "2.3.1",
      "resolved": "https://registry.npmjs.org/tslib/-/tslib-2.3.1.tgz",
      "integrity": "sha512-77EbyPPpMz+FRFRuAFlWMtmgUWGe9UOG2Z25NqCwiIjRhOf5iKGuzSe5P2w1laq+FkRy4p+PCuVkJSGkzTEKVw=="
    },
    "typescript": {
      "version": "4.3.5",
      "resolved": "https://registry.npmjs.org/typescript/-/typescript-4.3.5.tgz",
      "integrity": "sha512-DqQgihaQ9cUrskJo9kIyW/+g0Vxsk8cDtZ52a3NGh0YNTfpUSArXSohyUGnvbPazEPLu398C0UxmKSOrPumUzA==",
      "dev": true
    },
    "wrappy": {
      "version": "1.0.2",
      "resolved": "https://registry.npmjs.org/wrappy/-/wrappy-1.0.2.tgz",
      "integrity": "sha1-tSQ9jz7BqjXxNkYFvA0QNuMKtp8=",
      "dev": true
    },
    "zone.js": {
      "version": "0.11.4",
      "resolved": "https://registry.npmjs.org/zone.js/-/zone.js-0.11.4.tgz",
      "integrity": "sha512-DDh2Ab+A/B+9mJyajPjHFPWfYU1H+pdun4wnnk0OcQTNjem1XQSZ2CDW+rfZEUDjv5M19SBqAkjZi0x5wuB5Qw==",
      "requires": {
        "tslib": "^2.0.0"
      }
    }
  }
}
